
Microsoft Visual Studio Solution File, Format Version 12.00
# Visual Studio 15
Project("{FAE04EC0-301F-11D3-BF4B-00C04F79EFBC}") = "UnityEngine.TestRunner", "UnityEngine.TestRunner.csproj", "{1D49F53C-70A2-999E-FC42-94F7E695CC6B}"
EndProject
Project("{FAE04EC0-301F-11D3-BF4B-00C04F79EFBC}") = "Unity.Mathematics", "Unity.Mathematics.csproj", "{CBFE83CD-3DF8-5A10-629A-77D731CFD90C}"
EndProject
Project("{FAE04EC0-301F-11D3-BF4B-00C04F79EFBC}") = "Unity.2D.Animation.Triangle.Runtime", "Unity.2D.Animation.Triangle.Runtime.csproj", "{669F2612-F92D-0926-6FA5-CC4016AEDD98}"
EndProject
Project("{FAE04EC0-301F-11D3-BF4B-00C04F79EFBC}") = "Unity.Timeline", "Unity.Timeline.csproj", "{881300D6-4F1E-2C75-8F93-C63B403D9A12}"
EndProject
Project("{FAE04EC0-301F-11D3-BF4B-00C04F79EFBC}") = "UnityEngine.UI", "UnityEngine.UI.csproj", "{5E5B9E8A-060B-DD5D-E0E7-90BB6CD013AB}"
EndProject
Project("{FAE04EC0-301F-11D3-BF4B-00C04F79EFBC}") = "Unity.TextMeshPro", "Unity.TextMeshPro.csproj", "{D61B88D1-D8B9-147D-15F5-3ED0B14E87D9}"
EndProject
Project("{FAE04EC0-301F-11D3-BF4B-00C04F79EFBC}") = "Unity.2D.Animation.Runtime", "Unity.2D.Animation.Runtime.csproj", "{77162B06-E9E3-47F5-58E2-52CB96B170A5}"
EndProject
Project("{FAE04EC0-301F-11D3-BF4B-00C04F79EFBC}") = "Unity.2D.IK.Runtime", "Unity.2D.IK.Runtime.csproj", "{1DE8B3D2-4084-12C4-BF61-BAD54E685812}"
EndProject
Project("{FAE04EC0-301F-11D3-BF4B-00C04F79EFBC}") = "Unity.2D.SpriteShape.Runtime", "Unity.2D.SpriteShape.Runtime.csproj", "{472B5EBF-D9BE-BCE7-8988-104CDD4414C7}"
EndProject
Project("{FAE04EC0-301F-11D3-BF4B-00C04F79EFBC}") = "Unity.2D.PixelPerfect", "Unity.2D.PixelPerfect.csproj", "{9F17BCF8-47E0-BC10-B6F8-FB8E87F6E385}"
EndProject
Project("{FAE04EC0-301F-11D3-BF4B-00C04F79EFBC}") = "Unity.2D.Common.Runtime", "Unity.2D.Common.Runtime.csproj", "{20854D5F-9BB7-45DC-81FE-C04E6C204086}"
EndProject
Project("{FAE04EC0-301F-11D3-BF4B-00C04F79EFBC}") = "Unity.InternalAPIEngineBridge.001", "Unity.InternalAPIEngineBridge.001.csproj", "{EA149951-ADE3-AF34-55C2-FFA419DCC4A7}"
EndProject
Project("{FAE04EC0-301F-11D3-BF4B-00C04F79EFBC}") = "Assembly-CSharp", "Assembly-CSharp.csproj", "{C9AA7B70-1AAF-0C14-4FC0-DDB5D7C32A91}"
EndProject
Project("{FAE04EC0-301F-11D3-BF4B-00C04F79EFBC}") = "UnityEditor.TestRunner", "UnityEditor.TestRunner.csproj", "{433E5DE0-6A93-D124-3508-7E2696647BD5}"
EndProject
Project("{FAE04EC0-301F-11D3-BF4B-00C04F79EFBC}") = "UnityEditor.UI", "UnityEditor.UI.csproj", "{0AF93AC0-43C7-CC18-A462-B3797605FB68}"
EndProject
Project("{FAE04EC0-301F-11D3-BF4B-00C04F79EFBC}") = "Unity.Timeline.Editor", "Unity.Timeline.Editor.csproj", "{A39E4D24-1276-239F-21B7-931EE114D851}"
EndProject
Project("{FAE04EC0-301F-11D3-BF4B-00C04F79EFBC}") = "Unity.VisualStudio.Editor", "Unity.VisualStudio.Editor.csproj", "{9D3429EE-29D9-514D-0CF4-6E667779DE61}"
EndProject
Project("{FAE04EC0-301F-11D3-BF4B-00C04F79EFBC}") = "Unity.2D.Psdimporter.Editor", "Unity.2D.Psdimporter.Editor.csproj", "{215F45E9-1DDA-A5CC-5987-F858D0B9C904}"
EndProject
Project("{FAE04EC0-301F-11D3-BF4B-00C04F79EFBC}") = "Unity.2D.Animation.Editor", "Unity.2D.Animation.Editor.csproj", "{17408746-EC87-2BCD-A6EA-5D87348241AA}"
EndProject
Project("{FAE04EC0-301F-11D3-BF4B-00C04F79EFBC}") = "Unity.TextMeshPro.Editor", "Unity.TextMeshPro.Editor.csproj", "{0314972A-0C67-04E6-703E-7F202A827321}"
EndProject
Project("{FAE04EC0-301F-11D3-BF4B-00C04F79EFBC}") = "Unity.2D.SpriteShape.Editor", "Unity.2D.SpriteShape.Editor.csproj", "{78E5A46E-EA6A-5E66-7631-25258078F678}"
EndProject
Project("{FAE04EC0-301F-11D3-BF4B-00C04F79EFBC}") = "Unity.CollabProxy.Editor", "Unity.CollabProxy.Editor.csproj", "{FA0A753C-844C-9C2F-0CB1-54B4E33A118D}"
EndProject
Project("{FAE04EC0-301F-11D3-BF4B-00C04F79EFBC}") = "PsdPlugin", "PsdPlugin.csproj", "{B474D97F-D41D-040C-0468-48D6EF595A05}"
EndProject
Project("{FAE04EC0-301F-11D3-BF4B-00C04F79EFBC}") = "Unity.2D.Path.Editor", "Unity.2D.Path.Editor.csproj", "{27B5348B-9753-A1A8-408C-21DEEA6C2CE4}"
EndProject
Project("{FAE04EC0-301F-11D3-BF4B-00C04F79EFBC}") = "Unity.Rider.Editor", "Unity.Rider.Editor.csproj", "{2B0EC66E-853E-7CD2-7811-FB836DEF4713}"
EndProject
Project("{FAE04EC0-301F-11D3-BF4B-00C04F79EFBC}") = "Unity.2D.IK.Editor", "Unity.2D.IK.Editor.csproj", "{E48A1BC2-EF40-FC70-C676-D2BD60E936F0}"
EndProject
Project("{FAE04EC0-301F-11D3-BF4B-00C04F79EFBC}") = "Unity.2D.Sprite.Editor", "Unity.2D.Sprite.Editor.csproj", "{7F0503D0-2251-003F-4BB9-5CB1563A909E}"
EndProject
Project("{FAE04EC0-301F-11D3-BF4B-00C04F79EFBC}") = "Unity.2D.Tilemap.Editor", "Unity.2D.Tilemap.Editor.csproj", "{09D6FB19-1C2B-B8EF-DF35-DB09DBC5DA15}"
EndProject
Project("{FAE04EC0-301F-11D3-BF4B-00C04F79EFBC}") = "Unity.2D.PixelPerfect.Editor", "Unity.2D.PixelPerfect.Editor.csproj", "{04D1A121-449E-FDC8-F2D6-F24CD0A24C4E}"
EndProject
Project("{FAE04EC0-301F-11D3-BF4B-00C04F79EFBC}") = "Unity.VSCode.Editor", "Unity.VSCode.Editor.csproj", "{3EBC9B1D-2365-FC7A-788C-3FCA1C5FFCAB}"
EndProject
Project("{FAE04EC0-301F-11D3-BF4B-00C04F79EFBC}") = "Unity.2D.Common.Editor", "Unity.2D.Common.Editor.csproj", "{067A8EAD-4590-4003-D180-F9FD87E03532}"
EndProject
Project("{FAE04EC0-301F-11D3-BF4B-00C04F79EFBC}") = "Unity.Mathematics.Editor", "Unity.Mathematics.Editor.csproj", "{AABE6ABD-FB4A-118A-25A2-ECAF416A704F}"
EndProject
Project("{FAE04EC0-301F-11D3-BF4B-00C04F79EFBC}") = "Unity.InternalAPIEditorBridge.001", "Unity.InternalAPIEditorBridge.001.csproj", "{9E82288B-93FF-82FD-0EA7-148E7F8C821A}"
EndProject
Project("{FAE04EC0-301F-11D3-BF4B-00C04F79EFBC}") = "UnityEngine.TestRunner", "UnityEngine.TestRunner.Player.csproj", "{9FEFA314-6859-AB8E-B004-76A3644B2566}"
EndProject
Project("{FAE04EC0-301F-11D3-BF4B-00C04F79EFBC}") = "Unity.Mathematics", "Unity.Mathematics.Player.csproj", "{59EABF79-49A3-0FB1-809F-1BB02D171BE6}"
EndProject
Project("{FAE04EC0-301F-11D3-BF4B-00C04F79EFBC}") = "Unity.2D.Animation.Triangle.Runtime", "Unity.2D.Animation.Triangle.Runtime.Player.csproj", "{0DF4973F-5AF7-EEEF-4785-591DCA7E6DFB}"
EndProject
Project("{FAE04EC0-301F-11D3-BF4B-00C04F79EFBC}") = "Unity.Timeline", "Unity.Timeline.Player.csproj", "{2F33A181-7D34-CC64-0E19-9E8FFC9D0741}"
EndProject
Project("{FAE04EC0-301F-11D3-BF4B-00C04F79EFBC}") = "UnityEngine.UI", "UnityEngine.UI.Player.csproj", "{F5E9D4C9-3804-1194-FEBC-3B8958D5898B}"
EndProject
Project("{FAE04EC0-301F-11D3-BF4B-00C04F79EFBC}") = "Unity.TextMeshPro", "Unity.TextMeshPro.Player.csproj", "{B06B1EFE-4FA3-32F7-803C-F6E8FFDED0A0}"
EndProject
Project("{FAE04EC0-301F-11D3-BF4B-00C04F79EFBC}") = "Unity.2D.Animation.Runtime", "Unity.2D.Animation.Runtime.Player.csproj", "{DC847652-9B9C-6076-7D2F-94862288FA32}"
EndProject
Project("{FAE04EC0-301F-11D3-BF4B-00C04F79EFBC}") = "Unity.2D.IK.Runtime", "Unity.2D.IK.Runtime.Player.csproj", "{E8FEA09F-4A85-ACEE-9585-7B06F88DBCFB}"
EndProject
Project("{FAE04EC0-301F-11D3-BF4B-00C04F79EFBC}") = "Unity.2D.SpriteShape.Runtime", "Unity.2D.SpriteShape.Runtime.Player.csproj", "{5A52EBD3-D5AB-C4EC-3FA6-B2FD99E3F084}"
EndProject
Project("{FAE04EC0-301F-11D3-BF4B-00C04F79EFBC}") = "Unity.2D.PixelPerfect", "Unity.2D.PixelPerfect.Player.csproj", "{CCD81E21-D8E4-2E0E-6E2A-769BF710011A}"
EndProject
Project("{FAE04EC0-301F-11D3-BF4B-00C04F79EFBC}") = "Unity.2D.Common.Runtime", "Unity.2D.Common.Runtime.Player.csproj", "{6E9DB327-6F82-A69C-B234-61D12E7FB1FD}"
EndProject
Project("{FAE04EC0-301F-11D3-BF4B-00C04F79EFBC}") = "Unity.InternalAPIEngineBridge.001", "Unity.InternalAPIEngineBridge.001.Player.csproj", "{D7D69ABA-4B6B-2672-1DA7-89FAD7825B47}"
EndProject
Project("{FAE04EC0-301F-11D3-BF4B-00C04F79EFBC}") = "Assembly-CSharp", "Assembly-CSharp.Player.csproj", "{5C3389B7-9C1D-B8B0-860C-11D2B93D8701}"
EndProject
Global
	GlobalSection(SolutionConfigurationPlatforms) = preSolution
		Debug|Any CPU = Debug|Any CPU
		Release|Any CPU = Release|Any CPU
	EndGlobalSection
	GlobalSection(ProjectConfigurationPlatforms) = postSolution
		{1D49F53C-70A2-999E-FC42-94F7E695CC6B}.Debug|Any CPU.ActiveCfg = Debug|Any CPU
		{1D49F53C-70A2-999E-FC42-94F7E695CC6B}.Debug|Any CPU.Build.0 = Debug|Any CPU
		{1D49F53C-70A2-999E-FC42-94F7E695CC6B}.Release|Any CPU.ActiveCfg = Release|Any CPU
		{1D49F53C-70A2-999E-FC42-94F7E695CC6B}.Release|Any CPU.Build.0 = Release|Any CPU
		{CBFE83CD-3DF8-5A10-629A-77D731CFD90C}.Debug|Any CPU.ActiveCfg = Debug|Any CPU
		{CBFE83CD-3DF8-5A10-629A-77D731CFD90C}.Debug|Any CPU.Build.0 = Debug|Any CPU
		{CBFE83CD-3DF8-5A10-629A-77D731CFD90C}.Release|Any CPU.ActiveCfg = Release|Any CPU
		{CBFE83CD-3DF8-5A10-629A-77D731CFD90C}.Release|Any CPU.Build.0 = Release|Any CPU
		{669F2612-F92D-0926-6FA5-CC4016AEDD98}.Debug|Any CPU.ActiveCfg = Debug|Any CPU
		{669F2612-F92D-0926-6FA5-CC4016AEDD98}.Debug|Any CPU.Build.0 = Debug|Any CPU
		{669F2612-F92D-0926-6FA5-CC4016AEDD98}.Release|Any CPU.ActiveCfg = Release|Any CPU
		{669F2612-F92D-0926-6FA5-CC4016AEDD98}.Release|Any CPU.Build.0 = Release|Any CPU
		{881300D6-4F1E-2C75-8F93-C63B403D9A12}.Debug|Any CPU.ActiveCfg = Debug|Any CPU
		{881300D6-4F1E-2C75-8F93-C63B403D9A12}.Debug|Any CPU.Build.0 = Debug|Any CPU
		{881300D6-4F1E-2C75-8F93-C63B403D9A12}.Release|Any CPU.ActiveCfg = Release|Any CPU
		{881300D6-4F1E-2C75-8F93-C63B403D9A12}.Release|Any CPU.Build.0 = Release|Any CPU
		{5E5B9E8A-060B-DD5D-E0E7-90BB6CD013AB}.Debug|Any CPU.ActiveCfg = Debug|Any CPU
		{5E5B9E8A-060B-DD5D-E0E7-90BB6CD013AB}.Debug|Any CPU.Build.0 = Debug|Any CPU
		{5E5B9E8A-060B-DD5D-E0E7-90BB6CD013AB}.Release|Any CPU.ActiveCfg = Release|Any CPU
		{5E5B9E8A-060B-DD5D-E0E7-90BB6CD013AB}.Release|Any CPU.Build.0 = Release|Any CPU
		{D61B88D1-D8B9-147D-15F5-3ED0B14E87D9}.Debug|Any CPU.ActiveCfg = Debug|Any CPU
		{D61B88D1-D8B9-147D-15F5-3ED0B14E87D9}.Debug|Any CPU.Build.0 = Debug|Any CPU
		{D61B88D1-D8B9-147D-15F5-3ED0B14E87D9}.Release|Any CPU.ActiveCfg = Release|Any CPU
		{D61B88D1-D8B9-147D-15F5-3ED0B14E87D9}.Release|Any CPU.Build.0 = Release|Any CPU
		{77162B06-E9E3-47F5-58E2-52CB96B170A5}.Debug|Any CPU.ActiveCfg = Debug|Any CPU
		{77162B06-E9E3-47F5-58E2-52CB96B170A5}.Debug|Any CPU.Build.0 = Debug|Any CPU
		{77162B06-E9E3-47F5-58E2-52CB96B170A5}.Release|Any CPU.ActiveCfg = Release|Any CPU
		{77162B06-E9E3-47F5-58E2-52CB96B170A5}.Release|Any CPU.Build.0 = Release|Any CPU
		{1DE8B3D2-4084-12C4-BF61-BAD54E685812}.Debug|Any CPU.ActiveCfg = Debug|Any CPU
		{1DE8B3D2-4084-12C4-BF61-BAD54E685812}.Debug|Any CPU.Build.0 = Debug|Any CPU
		{1DE8B3D2-4084-12C4-BF61-BAD54E685812}.Release|Any CPU.ActiveCfg = Release|Any CPU
		{1DE8B3D2-4084-12C4-BF61-BAD54E685812}.Release|Any CPU.Build.0 = Release|Any CPU
		{472B5EBF-D9BE-BCE7-8988-104CDD4414C7}.Debug|Any CPU.ActiveCfg = Debug|Any CPU
		{472B5EBF-D9BE-BCE7-8988-104CDD4414C7}.Debug|Any CPU.Build.0 = Debug|Any CPU
		{472B5EBF-D9BE-BCE7-8988-104CDD4414C7}.Release|Any CPU.ActiveCfg = Release|Any CPU
		{472B5EBF-D9BE-BCE7-8988-104CDD4414C7}.Release|Any CPU.Build.0 = Release|Any CPU
		{9F17BCF8-47E0-BC10-B6F8-FB8E87F6E385}.Debug|Any CPU.ActiveCfg = Debug|Any CPU
		{9F17BCF8-47E0-BC10-B6F8-FB8E87F6E385}.Debug|Any CPU.Build.0 = Debug|Any CPU
		{9F17BCF8-47E0-BC10-B6F8-FB8E87F6E385}.Release|Any CPU.ActiveCfg = Release|Any CPU
		{9F17BCF8-47E0-BC10-B6F8-FB8E87F6E385}.Release|Any CPU.Build.0 = Release|Any CPU
		{20854D5F-9BB7-45DC-81FE-C04E6C204086}.Debug|Any CPU.ActiveCfg = Debug|Any CPU
		{20854D5F-9BB7-45DC-81FE-C04E6C204086}.Debug|Any CPU.Build.0 = Debug|Any CPU
		{20854D5F-9BB7-45DC-81FE-C04E6C204086}.Release|Any CPU.ActiveCfg = Release|Any CPU
		{20854D5F-9BB7-45DC-81FE-C04E6C204086}.Release|Any CPU.Build.0 = Release|Any CPU
		{EA149951-ADE3-AF34-55C2-FFA419DCC4A7}.Debug|Any CPU.ActiveCfg = Debug|Any CPU
		{EA149951-ADE3-AF34-55C2-FFA419DCC4A7}.Debug|Any CPU.Build.0 = Debug|Any CPU
		{EA149951-ADE3-AF34-55C2-FFA419DCC4A7}.Release|Any CPU.ActiveCfg = Release|Any CPU
		{EA149951-ADE3-AF34-55C2-FFA419DCC4A7}.Release|Any CPU.Build.0 = Release|Any CPU
		{C9AA7B70-1AAF-0C14-4FC0-DDB5D7C32A91}.Debug|Any CPU.ActiveCfg = Debug|Any CPU
		{C9AA7B70-1AAF-0C14-4FC0-DDB5D7C32A91}.Debug|Any CPU.Build.0 = Debug|Any CPU
		{C9AA7B70-1AAF-0C14-4FC0-DDB5D7C32A91}.Release|Any CPU.ActiveCfg = Release|Any CPU
		{C9AA7B70-1AAF-0C14-4FC0-DDB5D7C32A91}.Release|Any CPU.Build.0 = Release|Any CPU
		{433E5DE0-6A93-D124-3508-7E2696647BD5}.Debug|Any CPU.ActiveCfg = Debug|Any CPU
		{433E5DE0-6A93-D124-3508-7E2696647BD5}.Debug|Any CPU.Build.0 = Debug|Any CPU
		{433E5DE0-6A93-D124-3508-7E2696647BD5}.Release|Any CPU.ActiveCfg = Release|Any CPU
		{433E5DE0-6A93-D124-3508-7E2696647BD5}.Release|Any CPU.Build.0 = Release|Any CPU
		{0AF93AC0-43C7-CC18-A462-B3797605FB68}.Debug|Any CPU.ActiveCfg = Debug|Any CPU
		{0AF93AC0-43C7-CC18-A462-B3797605FB68}.Debug|Any CPU.Build.0 = Debug|Any CPU
		{0AF93AC0-43C7-CC18-A462-B3797605FB68}.Release|Any CPU.ActiveCfg = Release|Any CPU
		{0AF93AC0-43C7-CC18-A462-B3797605FB68}.Release|Any CPU.Build.0 = Release|Any CPU
		{A39E4D24-1276-239F-21B7-931EE114D851}.Debug|Any CPU.ActiveCfg = Debug|Any CPU
		{A39E4D24-1276-239F-21B7-931EE114D851}.Debug|Any CPU.Build.0 = Debug|Any CPU
		{A39E4D24-1276-239F-21B7-931EE114D851}.Release|Any CPU.ActiveCfg = Release|Any CPU
		{A39E4D24-1276-239F-21B7-931EE114D851}.Release|Any CPU.Build.0 = Release|Any CPU
		{9D3429EE-29D9-514D-0CF4-6E667779DE61}.Debug|Any CPU.ActiveCfg = Debug|Any CPU
		{9D3429EE-29D9-514D-0CF4-6E667779DE61}.Debug|Any CPU.Build.0 = Debug|Any CPU
		{9D3429EE-29D9-514D-0CF4-6E667779DE61}.Release|Any CPU.ActiveCfg = Release|Any CPU
		{9D3429EE-29D9-514D-0CF4-6E667779DE61}.Release|Any CPU.Build.0 = Release|Any CPU
		{215F45E9-1DDA-A5CC-5987-F858D0B9C904}.Debug|Any CPU.ActiveCfg = Debug|Any CPU
		{215F45E9-1DDA-A5CC-5987-F858D0B9C904}.Debug|Any CPU.Build.0 = Debug|Any CPU
		{215F45E9-1DDA-A5CC-5987-F858D0B9C904}.Release|Any CPU.ActiveCfg = Release|Any CPU
		{215F45E9-1DDA-A5CC-5987-F858D0B9C904}.Release|Any CPU.Build.0 = Release|Any CPU
		{17408746-EC87-2BCD-A6EA-5D87348241AA}.Debug|Any CPU.ActiveCfg = Debug|Any CPU
		{17408746-EC87-2BCD-A6EA-5D87348241AA}.Debug|Any CPU.Build.0 = Debug|Any CPU
		{17408746-EC87-2BCD-A6EA-5D87348241AA}.Release|Any CPU.ActiveCfg = Release|Any CPU
		{17408746-EC87-2BCD-A6EA-5D87348241AA}.Release|Any CPU.Build.0 = Release|Any CPU
		{0314972A-0C67-04E6-703E-7F202A827321}.Debug|Any CPU.ActiveCfg = Debug|Any CPU
		{0314972A-0C67-04E6-703E-7F202A827321}.Debug|Any CPU.Build.0 = Debug|Any CPU
		{0314972A-0C67-04E6-703E-7F202A827321}.Release|Any CPU.ActiveCfg = Release|Any CPU
		{0314972A-0C67-04E6-703E-7F202A827321}.Release|Any CPU.Build.0 = Release|Any CPU
		{78E5A46E-EA6A-5E66-7631-25258078F678}.Debug|Any CPU.ActiveCfg = Debug|Any CPU
		{78E5A46E-EA6A-5E66-7631-25258078F678}.Debug|Any CPU.Build.0 = Debug|Any CPU
		{78E5A46E-EA6A-5E66-7631-25258078F678}.Release|Any CPU.ActiveCfg = Release|Any CPU
		{78E5A46E-EA6A-5E66-7631-25258078F678}.Release|Any CPU.Build.0 = Release|Any CPU
		{FA0A753C-844C-9C2F-0CB1-54B4E33A118D}.Debug|Any CPU.ActiveCfg = Debug|Any CPU
		{FA0A753C-844C-9C2F-0CB1-54B4E33A118D}.Debug|Any CPU.Build.0 = Debug|Any CPU
		{FA0A753C-844C-9C2F-0CB1-54B4E33A118D}.Release|Any CPU.ActiveCfg = Release|Any CPU
		{FA0A753C-844C-9C2F-0CB1-54B4E33A118D}.Release|Any CPU.Build.0 = Release|Any CPU
		{B474D97F-D41D-040C-0468-48D6EF595A05}.Debug|Any CPU.ActiveCfg = Debug|Any CPU
		{B474D97F-D41D-040C-0468-48D6EF595A05}.Debug|Any CPU.Build.0 = Debug|Any CPU
		{B474D97F-D41D-040C-0468-48D6EF595A05}.Release|Any CPU.ActiveCfg = Release|Any CPU
		{B474D97F-D41D-040C-0468-48D6EF595A05}.Release|Any CPU.Build.0 = Release|Any CPU
		{27B5348B-9753-A1A8-408C-21DEEA6C2CE4}.Debug|Any CPU.ActiveCfg = Debug|Any CPU
		{27B5348B-9753-A1A8-408C-21DEEA6C2CE4}.Debug|Any CPU.Build.0 = Debug|Any CPU
		{27B5348B-9753-A1A8-408C-21DEEA6C2CE4}.Release|Any CPU.ActiveCfg = Release|Any CPU
		{27B5348B-9753-A1A8-408C-21DEEA6C2CE4}.Release|Any CPU.Build.0 = Release|Any CPU
		{2B0EC66E-853E-7CD2-7811-FB836DEF4713}.Debug|Any CPU.ActiveCfg = Debug|Any CPU
		{2B0EC66E-853E-7CD2-7811-FB836DEF4713}.Debug|Any CPU.Build.0 = Debug|Any CPU
		{2B0EC66E-853E-7CD2-7811-FB836DEF4713}.Release|Any CPU.ActiveCfg = Release|Any CPU
		{2B0EC66E-853E-7CD2-7811-FB836DEF4713}.Release|Any CPU.Build.0 = Release|Any CPU
		{E48A1BC2-EF40-FC70-C676-D2BD60E936F0}.Debug|Any CPU.ActiveCfg = Debug|Any CPU
		{E48A1BC2-EF40-FC70-C676-D2BD60E936F0}.Debug|Any CPU.Build.0 = Debug|Any CPU
		{E48A1BC2-EF40-FC70-C676-D2BD60E936F0}.Release|Any CPU.ActiveCfg = Release|Any CPU
		{E48A1BC2-EF40-FC70-C676-D2BD60E936F0}.Release|Any CPU.Build.0 = Release|Any CPU
		{7F0503D0-2251-003F-4BB9-5CB1563A909E}.Debug|Any CPU.ActiveCfg = Debug|Any CPU
		{7F0503D0-2251-003F-4BB9-5CB1563A909E}.Debug|Any CPU.Build.0 = Debug|Any CPU
		{7F0503D0-2251-003F-4BB9-5CB1563A909E}.Release|Any CPU.ActiveCfg = Release|Any CPU
		{7F0503D0-2251-003F-4BB9-5CB1563A909E}.Release|Any CPU.Build.0 = Release|Any CPU
		{09D6FB19-1C2B-B8EF-DF35-DB09DBC5DA15}.Debug|Any CPU.ActiveCfg = Debug|Any CPU
		{09D6FB19-1C2B-B8EF-DF35-DB09DBC5DA15}.Debug|Any CPU.Build.0 = Debug|Any CPU
		{09D6FB19-1C2B-B8EF-DF35-DB09DBC5DA15}.Release|Any CPU.ActiveCfg = Release|Any CPU
		{09D6FB19-1C2B-B8EF-DF35-DB09DBC5DA15}.Release|Any CPU.Build.0 = Release|Any CPU
		{04D1A121-449E-FDC8-F2D6-F24CD0A24C4E}.Debug|Any CPU.ActiveCfg = Debug|Any CPU
		{04D1A121-449E-FDC8-F2D6-F24CD0A24C4E}.Debug|Any CPU.Build.0 = Debug|Any CPU
		{04D1A121-449E-FDC8-F2D6-F24CD0A24C4E}.Release|Any CPU.ActiveCfg = Release|Any CPU
		{04D1A121-449E-FDC8-F2D6-F24CD0A24C4E}.Release|Any CPU.Build.0 = Release|Any CPU
		{3EBC9B1D-2365-FC7A-788C-3FCA1C5FFCAB}.Debug|Any CPU.ActiveCfg = Debug|Any CPU
		{3EBC9B1D-2365-FC7A-788C-3FCA1C5FFCAB}.Debug|Any CPU.Build.0 = Debug|Any CPU
		{3EBC9B1D-2365-FC7A-788C-3FCA1C5FFCAB}.Release|Any CPU.ActiveCfg = Release|Any CPU
		{3EBC9B1D-2365-FC7A-788C-3FCA1C5FFCAB}.Release|Any CPU.Build.0 = Release|Any CPU
		{067A8EAD-4590-4003-D180-F9FD87E03532}.Debug|Any CPU.ActiveCfg = Debug|Any CPU
		{067A8EAD-4590-4003-D180-F9FD87E03532}.Debug|Any CPU.Build.0 = Debug|Any CPU
		{067A8EAD-4590-4003-D180-F9FD87E03532}.Release|Any CPU.ActiveCfg = Release|Any CPU
		{067A8EAD-4590-4003-D180-F9FD87E03532}.Release|Any CPU.Build.0 = Release|Any CPU
		{AABE6ABD-FB4A-118A-25A2-ECAF416A704F}.Debug|Any CPU.ActiveCfg = Debug|Any CPU
		{AABE6ABD-FB4A-118A-25A2-ECAF416A704F}.Debug|Any CPU.Build.0 = Debug|Any CPU
		{AABE6ABD-FB4A-118A-25A2-ECAF416A704F}.Release|Any CPU.ActiveCfg = Release|Any CPU
		{AABE6ABD-FB4A-118A-25A2-ECAF416A704F}.Release|Any CPU.Build.0 = Release|Any CPU
		{9E82288B-93FF-82FD-0EA7-148E7F8C821A}.Debug|Any CPU.ActiveCfg = Debug|Any CPU
		{9E82288B-93FF-82FD-0EA7-148E7F8C821A}.Debug|Any CPU.Build.0 = Debug|Any CPU
		{9E82288B-93FF-82FD-0EA7-148E7F8C821A}.Release|Any CPU.ActiveCfg = Release|Any CPU
		{9E82288B-93FF-82FD-0EA7-148E7F8C821A}.Release|Any CPU.Build.0 = Release|Any CPU
		{9FEFA314-6859-AB8E-B004-76A3644B2566}.Debug|Any CPU.ActiveCfg = Debug|Any CPU
		{9FEFA314-6859-AB8E-B004-76A3644B2566}.Debug|Any CPU.Build.0 = Debug|Any CPU
		{9FEFA314-6859-AB8E-B004-76A3644B2566}.Release|Any CPU.ActiveCfg = Release|Any CPU
		{9FEFA314-6859-AB8E-B004-76A3644B2566}.Release|Any CPU.Build.0 = Release|Any CPU
		{59EABF79-49A3-0FB1-809F-1BB02D171BE6}.Debug|Any CPU.ActiveCfg = Debug|Any CPU
		{59EABF79-49A3-0FB1-809F-1BB02D171BE6}.Debug|Any CPU.Build.0 = Debug|Any CPU
		{59EABF79-49A3-0FB1-809F-1BB02D171BE6}.Release|Any CPU.ActiveCfg = Release|Any CPU
		{59EABF79-49A3-0FB1-809F-1BB02D171BE6}.Release|Any CPU.Build.0 = Release|Any CPU
		{0DF4973F-5AF7-EEEF-4785-591DCA7E6DFB}.Debug|Any CPU.ActiveCfg = Debug|Any CPU
		{0DF4973F-5AF7-EEEF-4785-591DCA7E6DFB}.Debug|Any CPU.Build.0 = Debug|Any CPU
		{0DF4973F-5AF7-EEEF-4785-591DCA7E6DFB}.Release|Any CPU.ActiveCfg = Release|Any CPU
		{0DF4973F-5AF7-EEEF-4785-591DCA7E6DFB}.Release|Any CPU.Build.0 = Release|Any CPU
		{2F33A181-7D34-CC64-0E19-9E8FFC9D0741}.Debug|Any CPU.ActiveCfg = Debug|Any CPU
		{2F33A181-7D34-CC64-0E19-9E8FFC9D0741}.Debug|Any CPU.Build.0 = Debug|Any CPU
		{2F33A181-7D34-CC64-0E19-9E8FFC9D0741}.Release|Any CPU.ActiveCfg = Release|Any CPU
		{2F33A181-7D34-CC64-0E19-9E8FFC9D0741}.Release|Any CPU.Build.0 = Release|Any CPU
		{F5E9D4C9-3804-1194-FEBC-3B8958D5898B}.Debug|Any CPU.ActiveCfg = Debug|Any CPU
		{F5E9D4C9-3804-1194-FEBC-3B8958D5898B}.Debug|Any CPU.Build.0 = Debug|Any CPU
		{F5E9D4C9-3804-1194-FEBC-3B8958D5898B}.Release|Any CPU.ActiveCfg = Release|Any CPU
		{F5E9D4C9-3804-1194-FEBC-3B8958D5898B}.Release|Any CPU.Build.0 = Release|Any CPU
		{B06B1EFE-4FA3-32F7-803C-F6E8FFDED0A0}.Debug|Any CPU.ActiveCfg = Debug|Any CPU
		{B06B1EFE-4FA3-32F7-803C-F6E8FFDED0A0}.Debug|Any CPU.Build.0 = Debug|Any CPU
		{B06B1EFE-4FA3-32F7-803C-F6E8FFDED0A0}.Release|Any CPU.ActiveCfg = Release|Any CPU
		{B06B1EFE-4FA3-32F7-803C-F6E8FFDED0A0}.Release|Any CPU.Build.0 = Release|Any CPU
		{DC847652-9B9C-6076-7D2F-94862288FA32}.Debug|Any CPU.ActiveCfg = Debug|Any CPU
		{DC847652-9B9C-6076-7D2F-94862288FA32}.Debug|Any CPU.Build.0 = Debug|Any CPU
		{DC847652-9B9C-6076-7D2F-94862288FA32}.Release|Any CPU.ActiveCfg = Release|Any CPU
		{DC847652-9B9C-6076-7D2F-94862288FA32}.Release|Any CPU.Build.0 = Release|Any CPU
		{E8FEA09F-4A85-ACEE-9585-7B06F88DBCFB}.Debug|Any CPU.ActiveCfg = Debug|Any CPU
		{E8FEA09F-4A85-ACEE-9585-7B06F88DBCFB}.Debug|Any CPU.Build.0 = Debug|Any CPU
		{E8FEA09F-4A85-ACEE-9585-7B06F88DBCFB}.Release|Any CPU.ActiveCfg = Release|Any CPU
		{E8FEA09F-4A85-ACEE-9585-7B06F88DBCFB}.Release|Any CPU.Build.0 = Release|Any CPU
		{5A52EBD3-D5AB-C4EC-3FA6-B2FD99E3F084}.Debug|Any CPU.ActiveCfg = Debug|Any CPU
		{5A52EBD3-D5AB-C4EC-3FA6-B2FD99E3F084}.Debug|Any CPU.Build.0 = Debug|Any CPU
		{5A52EBD3-D5AB-C4EC-3FA6-B2FD99E3F084}.Release|Any CPU.ActiveCfg = Release|Any CPU
		{5A52EBD3-D5AB-C4EC-3FA6-B2FD99E3F084}.Release|Any CPU.Build.0 = Release|Any CPU
		{CCD81E21-D8E4-2E0E-6E2A-769BF710011A}.Debug|Any CPU.ActiveCfg = Debug|Any CPU
		{CCD81E21-D8E4-2E0E-6E2A-769BF710011A}.Debug|Any CPU.Build.0 = Debug|Any CPU
		{CCD81E21-D8E4-2E0E-6E2A-769BF710011A}.Release|Any CPU.ActiveCfg = Release|Any CPU
		{CCD81E21-D8E4-2E0E-6E2A-769BF710011A}.Release|Any CPU.Build.0 = Release|Any CPU
		{6E9DB327-6F82-A69C-B234-61D12E7FB1FD}.Debug|Any CPU.ActiveCfg = Debug|Any CPU
		{6E9DB327-6F82-A69C-B234-61D12E7FB1FD}.Debug|Any CPU.Build.0 = Debug|Any CPU
		{6E9DB327-6F82-A69C-B234-61D12E7FB1FD}.Release|Any CPU.ActiveCfg = Release|Any CPU
		{6E9DB327-6F82-A69C-B234-61D12E7FB1FD}.Release|Any CPU.Build.0 = Release|Any CPU
		{D7D69ABA-4B6B-2672-1DA7-89FAD7825B47}.Debug|Any CPU.ActiveCfg = Debug|Any CPU
		{D7D69ABA-4B6B-2672-1DA7-89FAD7825B47}.Debug|Any CPU.Build.0 = Debug|Any CPU
		{D7D69ABA-4B6B-2672-1DA7-89FAD7825B47}.Release|Any CPU.ActiveCfg = Release|Any CPU
		{D7D69ABA-4B6B-2672-1DA7-89FAD7825B47}.Release|Any CPU.Build.0 = Release|Any CPU
		{5C3389B7-9C1D-B8B0-860C-11D2B93D8701}.Debug|Any CPU.ActiveCfg = Debug|Any CPU
		{5C3389B7-9C1D-B8B0-860C-11D2B93D8701}.Debug|Any CPU.Build.0 = Debug|Any CPU
		{5C3389B7-9C1D-B8B0-860C-11D2B93D8701}.Release|Any CPU.ActiveCfg = Release|Any CPU
		{5C3389B7-9C1D-B8B0-860C-11D2B93D8701}.Release|Any CPU.Build.0 = Release|Any CPU
	EndGlobalSection
	GlobalSection(SolutionProperties) = preSolution
		HideSolutionNode = FALSE
	EndGlobalSection
EndGlobal
